
Microsoft Visual Studio Solution File, Format Version 12.00
# Visual Studio Version 17
VisualStudioVersion = 17.5.002.0
MinimumVisualStudioVersion = 10.0.40219.1
Project("{9A19103F-16F7-4668-BE54-9A1E7A4F7556}") = "C#", "C#.csproj", "{3CCBE3B7-9E1D-46E3-AC3B-0275C9CBED54}"
EndProject
Global
	GlobalSection(SolutionConfigurationPlatforms) = preSolution
		Debug|Any CPU = Debug|Any CPU
		Release|Any CPU = Release|Any CPU
	EndGlobalSection
	GlobalSection(ProjectConfigurationPlatforms) = postSolution
		{3CCBE3B7-9E1D-46E3-AC3B-0275C9CBED54}.Debug|Any CPU.ActiveCfg = Debug|Any CPU
		{3CCBE3B7-9E1D-46E3-AC3B-0275C9CBED54}.Debug|Any CPU.Build.0 = Debug|Any CPU
		{3CCBE3B7-9E1D-46E3-AC3B-0275C9CBED54}.Release|Any CPU.ActiveCfg = Release|Any CPU
		{3CCBE3B7-9E1D-46E3-AC3B-0275C9CBED54}.Release|Any CPU.Build.0 = Release|Any CPU
	EndGlobalSection
	GlobalSection(SolutionProperties) = preSolution
		HideSolutionNode = FALSE
	EndGlobalSection
	GlobalSection(ExtensibilityGlobals) = postSolution
		SolutionGuid = {18EABA82-A149-4BD1-A885-B8841B4C1E28}
	EndGlobalSection
EndGlobal
